
Microsoft Visual Studio Solution File, Format Version 12.00
# Visual Studio Version 16
VisualStudioVersion = 16.0.30517.126
MinimumVisualStudioVersion = 10.0.40219.1
Project("{9092AA53-FB77-4645-B42D-1CCCA6BD08BD}") = "diegoweb1", "diegoweb1.njsproj", "{73B2C042-9823-45F6-87E2-2FA51E26B33F}"
EndProject
Global
	GlobalSection(SolutionConfigurationPlatforms) = preSolution
		Debug|Any CPU = Debug|Any CPU
		Release|Any CPU = Release|Any CPU
	EndGlobalSection
	GlobalSection(ProjectConfigurationPlatforms) = postSolution
		{73B2C042-9823-45F6-87E2-2FA51E26B33F}.Debug|Any CPU.ActiveCfg = Debug|Any CPU
		{73B2C042-9823-45F6-87E2-2FA51E26B33F}.Debug|Any CPU.Build.0 = Debug|Any CPU
		{73B2C042-9823-45F6-87E2-2FA51E26B33F}.Release|Any CPU.ActiveCfg = Release|Any CPU
		{73B2C042-9823-45F6-87E2-2FA51E26B33F}.Release|Any CPU.Build.0 = Release|Any CPU
	EndGlobalSection
	GlobalSection(SolutionProperties) = preSolution
		HideSolutionNode = FALSE
	EndGlobalSection
	GlobalSection(ExtensibilityGlobals) = postSolution
		SolutionGuid = {BD05E8CC-612D-464D-BD36-2F045C5392D5}
	EndGlobalSection
EndGlobal
